
Microsoft Visual Studio Solution File, Format Version 12.00
# Visual Studio 15
VisualStudioVersion = 15.0.26228.4
MinimumVisualStudioVersion = 10.0.40219.1
Project("{FAE04EC0-301F-11D3-BF4B-00C04F79EFBC}") = "Sample", "Sample\Sample.csproj", "{F725582D-450B-48A4-B2FC-ECDD3642A144}"
EndProject
Project("{FAE04EC0-301F-11D3-BF4B-00C04F79EFBC}") = "Hosts", "Hosts\Hosts.csproj", "{81C97CCC-EA40-43DE-9D5C-BB32816054B6}"
EndProject
Project("{FAE04EC0-301F-11D3-BF4B-00C04F79EFBC}") = "Client", "Client\Client.csproj", "{7048AEE1-8E26-4A50-99CC-BA7A5211FE48}"
EndProject
Project("{FAE04EC0-301F-11D3-BF4B-00C04F79EFBC}") = "WcfService", "WcfService\WcfService.csproj", "{C2AA9218-2106-4C61-8B3D-B5188517072E}"
EndProject
Project("{FAE04EC0-301F-11D3-BF4B-00C04F79EFBC}") = "WebApplication1", "WebApplication1\WebApplication1.csproj", "{87548DDC-A3EC-41EF-957C-983C3CE6ABE4}"
EndProject
Project("{FAE04EC0-301F-11D3-BF4B-00C04F79EFBC}") = "WcfTestWindowsFormsApplication1", "WindowsFormsApplication1\WcfTestWindowsFormsApplication1.csproj", "{4E021606-B727-4EFF-94DE-3A17F67F4F65}"
EndProject
Project("{FAE04EC0-301F-11D3-BF4B-00C04F79EFBC}") = "MSMQWCF", "MSMQWCF\MSMQWCF.csproj", "{4FD72325-95B6-4DD0-91BC-07D202988FDC}"
EndProject
Project("{FAE04EC0-301F-11D3-BF4B-00C04F79EFBC}") = "MSMQHost", "MSMQHost\MSMQHost.csproj", "{53D91948-773C-40D2-98CF-230F9FAA500C}"
EndProject
Project("{2150E333-8FDC-42A3-9474-1A3956D46DE8}") = "MSMQ", "MSMQ", "{DBB76300-66E9-42B2-8BDA-CA520C6B0A66}"
EndProject
Project("{FAE04EC0-301F-11D3-BF4B-00C04F79EFBC}") = "MSMQClient", "MSMQClient\MSMQClient.csproj", "{16976FEF-90CF-4DB0-BFA3-4AB5A43C06A7}"
EndProject
Project("{2150E333-8FDC-42A3-9474-1A3956D46DE8}") = "WCF", "WCF", "{80C8A810-E766-4956-9AFE-F64AAB036E2B}"
EndProject
Project("{2150E333-8FDC-42A3-9474-1A3956D46DE8}") = "设计模式", "设计模式", "{EA1259E7-2A31-472A-9D63-614049844E8A}"
EndProject
Project("{FAE04EC0-301F-11D3-BF4B-00C04F79EFBC}") = "CloneDemo", "CloneDemo\CloneDemo.csproj", "{0DA1C047-8AEF-412E-B439-8B5FC2EAFB68}"
EndProject
Project("{2150E333-8FDC-42A3-9474-1A3956D46DE8}") = "ThreadStudy", "ThreadStudy", "{6466EC5C-542B-474B-8978-8D51E1EC64E4}"
EndProject
Project("{FAE04EC0-301F-11D3-BF4B-00C04F79EFBC}") = "ThreadTest", "ThreadTest\ThreadTest.csproj", "{9AC50BCA-0594-4FC8-ACB0-C97F7A944198}"
EndProject
Project("{FAE04EC0-301F-11D3-BF4B-00C04F79EFBC}") = "ThreadPoolTest", "ThreadPoolTest\ThreadPoolTest.csproj", "{6FA06442-2CD7-4FC8-94B3-B0D719A87DCB}"
EndProject
Project("{FAE04EC0-301F-11D3-BF4B-00C04F79EFBC}") = "TaskTest", "TaskTest\TaskTest.csproj", "{02FE60B2-1FE5-459C-B4BF-AB0AED55AE09}"
EndProject
Project("{FAE04EC0-301F-11D3-BF4B-00C04F79EFBC}") = "DelegateTest", "DelegateTest\DelegateTest.csproj", "{5A858399-1A96-4769-AEE7-BE4E0167DF05}"
EndProject
Project("{2150E333-8FDC-42A3-9474-1A3956D46DE8}") = "WebAPI", "WebAPI", "{09B47786-A751-4B4F-A18C-C38001537790}"
EndProject
Project("{FAE04EC0-301F-11D3-BF4B-00C04F79EFBC}") = "WebApiDemo", "WebApiDemo\WebApiDemo.csproj", "{0A5B64FC-5776-49D4-8AE3-3F9BDC725E29}"
EndProject
Project("{2150E333-8FDC-42A3-9474-1A3956D46DE8}") = "Lambda", "Lambda", "{CB6EF8B9-432A-4F9E-B827-FD850B3C8E3A}"
EndProject
Project("{FAE04EC0-301F-11D3-BF4B-00C04F79EFBC}") = "LambdaStudy", "LambdaStudy\LambdaStudy.csproj", "{D61F7EFE-970B-4439-80DE-CFC6FA2D1824}"
EndProject
Project("{FAE04EC0-301F-11D3-BF4B-00C04F79EFBC}") = "DelegateInvoke", "DelegateInvoke\DelegateInvoke.csproj", "{16080313-413A-44EE-A041-5D9E5FD36D66}"
EndProject
Project("{FAE04EC0-301F-11D3-BF4B-00C04F79EFBC}") = "TType", "TType\TType.csproj", "{39A1BA20-6C0C-490D-A61B-909D3FFA7875}"
EndProject
Project("{2150E333-8FDC-42A3-9474-1A3956D46DE8}") = "调试相关", "调试相关", "{2969603C-886B-4820-B577-93C37C2EFD35}"
EndProject
Project("{FAE04EC0-301F-11D3-BF4B-00C04F79EFBC}") = "DebugLogStudy", "DebugLogStudy\DebugLogStudy.csproj", "{0142BD35-56CB-440B-8E8E-1A9ED1527C05}"
EndProject
Project("{FAE04EC0-301F-11D3-BF4B-00C04F79EFBC}") = "ConsoleApplication1", "ConsoleApplication1\ConsoleApplication1.csproj", "{7DBF9A97-33CD-43DC-B8DA-277ACD0F725F}"
EndProject
Project("{2150E333-8FDC-42A3-9474-1A3956D46DE8}") = ".nuget", ".nuget", "{D99DD2C6-CA63-48C1-9957-9CAD754F5809}"
	ProjectSection(SolutionItems) = preProject
		.nuget\packages.config = .nuget\packages.config
	EndProjectSection
EndProject
Project("{FAE04EC0-301F-11D3-BF4B-00C04F79EFBC}") = "TaskFactoryTest", "TaskFactoryTest\TaskFactoryTest.csproj", "{80177B08-58CD-458D-A25A-AB9567201A89}"
EndProject
Project("{FAE04EC0-301F-11D3-BF4B-00C04F79EFBC}") = "ConsoleApp1", "ConsoleApp1\ConsoleApp1.csproj", "{A11629F9-CCA9-4014-887F-7E70FC9ACDA7}"
EndProject
Project("{2150E333-8FDC-42A3-9474-1A3956D46DE8}") = "IOC", "IOC", "{089C2390-5FB2-4186-AE9F-D1256DDB0D58}"
EndProject
Project("{FAE04EC0-301F-11D3-BF4B-00C04F79EFBC}") = "IOCStudy", "IOCStudy\IOCStudy.csproj", "{2DDA41C1-38D6-4769-958D-21B3599C2836}"
EndProject
Project("{FAE04EC0-301F-11D3-BF4B-00C04F79EFBC}") = "TestProject", "TestProject\TestProject.csproj", "{E29EAB02-390E-48AB-A820-F900925B80BA}"
EndProject
Project("{FAE04EC0-301F-11D3-BF4B-00C04F79EFBC}") = "TestProjectClient", "TestProjectClient\TestProjectClient.csproj", "{D3853023-1DA9-4E58-8544-620A5B062D6D}"
EndProject
Project("{FAE04EC0-301F-11D3-BF4B-00C04F79EFBC}") = "ExtensionMethods", "ExtensionMethods\ExtensionMethods.csproj", "{E4239591-26E3-4EC2-B4D0-42B89B1F118A}"
EndProject
Project("{2150E333-8FDC-42A3-9474-1A3956D46DE8}") = "Cache", "Cache", "{E3DE1C8A-1FD9-4826-8116-D1AD0B15C426}"
EndProject
Project("{FAE04EC0-301F-11D3-BF4B-00C04F79EFBC}") = "MemeryCacheTest", "MemeryCacheTest\MemeryCacheTest.csproj", "{DBA89388-2117-414C-B3E9-1D566417B605}"
EndProject
Project("{2150E333-8FDC-42A3-9474-1A3956D46DE8}") = "Config", "Config", "{F54E5220-FDF6-4ABC-A6D4-53C99BBFC63D}"
EndProject
Project("{FAE04EC0-301F-11D3-BF4B-00C04F79EFBC}") = "ConfigManager", "ConfigManager\ConfigManager.csproj", "{C751451E-8954-4453-AA90-DBF53FAB8DC6}"
EndProject
Project("{FAE04EC0-301F-11D3-BF4B-00C04F79EFBC}") = "ConfigTest", "ConfigTest\ConfigTest.csproj", "{62B7F8B4-26C9-40C6-997B-4D27EBBC67E0}"
EndProject
Project("{FAE04EC0-301F-11D3-BF4B-00C04F79EFBC}") = "NugetServer", "NugetServer\NugetServer.csproj", "{EAFBFB9A-E67C-4A91-BFFE-EDCF4929BA98}"
EndProject
Project("{FAE04EC0-301F-11D3-BF4B-00C04F79EFBC}") = "ClassLibrary", "ClassLibrary\ClassLibrary.csproj", "{9913DA2C-3358-4AE7-A598-AE3BF217EA95}"
EndProject
Global
	GlobalSection(SolutionConfigurationPlatforms) = preSolution
		Debug|Any CPU = Debug|Any CPU
		Debug|ARM = Debug|ARM
		Debug|x64 = Debug|x64
		Debug|x86 = Debug|x86
		Release|Any CPU = Release|Any CPU
		Release|ARM = Release|ARM
		Release|x64 = Release|x64
		Release|x86 = Release|x86
	EndGlobalSection
	GlobalSection(ProjectConfigurationPlatforms) = postSolution
		{F725582D-450B-48A4-B2FC-ECDD3642A144}.Debug|Any CPU.ActiveCfg = Debug|Any CPU
		{F725582D-450B-48A4-B2FC-ECDD3642A144}.Debug|Any CPU.Build.0 = Debug|Any CPU
		{F725582D-450B-48A4-B2FC-ECDD3642A144}.Debug|ARM.ActiveCfg = Debug|Any CPU
		{F725582D-450B-48A4-B2FC-ECDD3642A144}.Debug|x64.ActiveCfg = Debug|Any CPU
		{F725582D-450B-48A4-B2FC-ECDD3642A144}.Debug|x86.ActiveCfg = Debug|Any CPU
		{F725582D-450B-48A4-B2FC-ECDD3642A144}.Release|Any CPU.ActiveCfg = Release|Any CPU
		{F725582D-450B-48A4-B2FC-ECDD3642A144}.Release|Any CPU.Build.0 = Release|Any CPU
		{F725582D-450B-48A4-B2FC-ECDD3642A144}.Release|ARM.ActiveCfg = Release|Any CPU
		{F725582D-450B-48A4-B2FC-ECDD3642A144}.Release|x64.ActiveCfg = Release|Any CPU
		{F725582D-450B-48A4-B2FC-ECDD3642A144}.Release|x86.ActiveCfg = Release|Any CPU
		{81C97CCC-EA40-43DE-9D5C-BB32816054B6}.Debug|Any CPU.ActiveCfg = Debug|Any CPU
		{81C97CCC-EA40-43DE-9D5C-BB32816054B6}.Debug|Any CPU.Build.0 = Debug|Any CPU
		{81C97CCC-EA40-43DE-9D5C-BB32816054B6}.Debug|ARM.ActiveCfg = Debug|Any CPU
		{81C97CCC-EA40-43DE-9D5C-BB32816054B6}.Debug|x64.ActiveCfg = Debug|Any CPU
		{81C97CCC-EA40-43DE-9D5C-BB32816054B6}.Debug|x86.ActiveCfg = Debug|Any CPU
		{81C97CCC-EA40-43DE-9D5C-BB32816054B6}.Release|Any CPU.ActiveCfg = Release|Any CPU
		{81C97CCC-EA40-43DE-9D5C-BB32816054B6}.Release|Any CPU.Build.0 = Release|Any CPU
		{81C97CCC-EA40-43DE-9D5C-BB32816054B6}.Release|ARM.ActiveCfg = Release|Any CPU
		{81C97CCC-EA40-43DE-9D5C-BB32816054B6}.Release|x64.ActiveCfg = Release|Any CPU
		{81C97CCC-EA40-43DE-9D5C-BB32816054B6}.Release|x86.ActiveCfg = Release|Any CPU
		{7048AEE1-8E26-4A50-99CC-BA7A5211FE48}.Debug|Any CPU.ActiveCfg = Debug|Any CPU
		{7048AEE1-8E26-4A50-99CC-BA7A5211FE48}.Debug|Any CPU.Build.0 = Debug|Any CPU
		{7048AEE1-8E26-4A50-99CC-BA7A5211FE48}.Debug|ARM.ActiveCfg = Debug|Any CPU
		{7048AEE1-8E26-4A50-99CC-BA7A5211FE48}.Debug|x64.ActiveCfg = Debug|Any CPU
		{7048AEE1-8E26-4A50-99CC-BA7A5211FE48}.Debug|x86.ActiveCfg = Debug|Any CPU
		{7048AEE1-8E26-4A50-99CC-BA7A5211FE48}.Release|Any CPU.ActiveCfg = Release|Any CPU
		{7048AEE1-8E26-4A50-99CC-BA7A5211FE48}.Release|Any CPU.Build.0 = Release|Any CPU
		{7048AEE1-8E26-4A50-99CC-BA7A5211FE48}.Release|ARM.ActiveCfg = Release|Any CPU
		{7048AEE1-8E26-4A50-99CC-BA7A5211FE48}.Release|x64.ActiveCfg = Release|Any CPU
		{7048AEE1-8E26-4A50-99CC-BA7A5211FE48}.Release|x86.ActiveCfg = Release|Any CPU
		{C2AA9218-2106-4C61-8B3D-B5188517072E}.Debug|Any CPU.ActiveCfg = Debug|Any CPU
		{C2AA9218-2106-4C61-8B3D-B5188517072E}.Debug|Any CPU.Build.0 = Debug|Any CPU
		{C2AA9218-2106-4C61-8B3D-B5188517072E}.Debug|ARM.ActiveCfg = Debug|Any CPU
		{C2AA9218-2106-4C61-8B3D-B5188517072E}.Debug|x64.ActiveCfg = Debug|Any CPU
		{C2AA9218-2106-4C61-8B3D-B5188517072E}.Debug|x86.ActiveCfg = Debug|Any CPU
		{C2AA9218-2106-4C61-8B3D-B5188517072E}.Release|Any CPU.ActiveCfg = Release|Any CPU
		{C2AA9218-2106-4C61-8B3D-B5188517072E}.Release|Any CPU.Build.0 = Release|Any CPU
		{C2AA9218-2106-4C61-8B3D-B5188517072E}.Release|ARM.ActiveCfg = Release|Any CPU
		{C2AA9218-2106-4C61-8B3D-B5188517072E}.Release|x64.ActiveCfg = Release|Any CPU
		{C2AA9218-2106-4C61-8B3D-B5188517072E}.Release|x86.ActiveCfg = Release|Any CPU
		{87548DDC-A3EC-41EF-957C-983C3CE6ABE4}.Debug|Any CPU.ActiveCfg = Debug|Any CPU
		{87548DDC-A3EC-41EF-957C-983C3CE6ABE4}.Debug|Any CPU.Build.0 = Debug|Any CPU
		{87548DDC-A3EC-41EF-957C-983C3CE6ABE4}.Debug|ARM.ActiveCfg = Debug|Any CPU
		{87548DDC-A3EC-41EF-957C-983C3CE6ABE4}.Debug|ARM.Build.0 = Debug|Any CPU
		{87548DDC-A3EC-41EF-957C-983C3CE6ABE4}.Debug|x64.ActiveCfg = Debug|Any CPU
		{87548DDC-A3EC-41EF-957C-983C3CE6ABE4}.Debug|x64.Build.0 = Debug|Any CPU
		{87548DDC-A3EC-41EF-957C-983C3CE6ABE4}.Debug|x86.ActiveCfg = Debug|Any CPU
		{87548DDC-A3EC-41EF-957C-983C3CE6ABE4}.Debug|x86.Build.0 = Debug|Any CPU
		{87548DDC-A3EC-41EF-957C-983C3CE6ABE4}.Release|Any CPU.ActiveCfg = Release|Any CPU
		{87548DDC-A3EC-41EF-957C-983C3CE6ABE4}.Release|Any CPU.Build.0 = Release|Any CPU
		{87548DDC-A3EC-41EF-957C-983C3CE6ABE4}.Release|ARM.ActiveCfg = Release|Any CPU
		{87548DDC-A3EC-41EF-957C-983C3CE6ABE4}.Release|ARM.Build.0 = Release|Any CPU
		{87548DDC-A3EC-41EF-957C-983C3CE6ABE4}.Release|x64.ActiveCfg = Release|Any CPU
		{87548DDC-A3EC-41EF-957C-983C3CE6ABE4}.Release|x64.Build.0 = Release|Any CPU
		{87548DDC-A3EC-41EF-957C-983C3CE6ABE4}.Release|x86.ActiveCfg = Release|Any CPU
		{87548DDC-A3EC-41EF-957C-983C3CE6ABE4}.Release|x86.Build.0 = Release|Any CPU
		{4E021606-B727-4EFF-94DE-3A17F67F4F65}.Debug|Any CPU.ActiveCfg = Debug|Any CPU
		{4E021606-B727-4EFF-94DE-3A17F67F4F65}.Debug|Any CPU.Build.0 = Debug|Any CPU
		{4E021606-B727-4EFF-94DE-3A17F67F4F65}.Debug|ARM.ActiveCfg = Debug|Any CPU
		{4E021606-B727-4EFF-94DE-3A17F67F4F65}.Debug|x64.ActiveCfg = Debug|Any CPU
		{4E021606-B727-4EFF-94DE-3A17F67F4F65}.Debug|x86.ActiveCfg = Debug|Any CPU
		{4E021606-B727-4EFF-94DE-3A17F67F4F65}.Release|Any CPU.ActiveCfg = Release|Any CPU
		{4E021606-B727-4EFF-94DE-3A17F67F4F65}.Release|Any CPU.Build.0 = Release|Any CPU
		{4E021606-B727-4EFF-94DE-3A17F67F4F65}.Release|ARM.ActiveCfg = Release|Any CPU
		{4E021606-B727-4EFF-94DE-3A17F67F4F65}.Release|x64.ActiveCfg = Release|Any CPU
		{4E021606-B727-4EFF-94DE-3A17F67F4F65}.Release|x86.ActiveCfg = Release|Any CPU
		{4FD72325-95B6-4DD0-91BC-07D202988FDC}.Debug|Any CPU.ActiveCfg = Debug|Any CPU
		{4FD72325-95B6-4DD0-91BC-07D202988FDC}.Debug|Any CPU.Build.0 = Debug|Any CPU
		{4FD72325-95B6-4DD0-91BC-07D202988FDC}.Debug|ARM.ActiveCfg = Debug|Any CPU
		{4FD72325-95B6-4DD0-91BC-07D202988FDC}.Debug|x64.ActiveCfg = Debug|Any CPU
		{4FD72325-95B6-4DD0-91BC-07D202988FDC}.Debug|x86.ActiveCfg = Debug|Any CPU
		{4FD72325-95B6-4DD0-91BC-07D202988FDC}.Release|Any CPU.ActiveCfg = Release|Any CPU
		{4FD72325-95B6-4DD0-91BC-07D202988FDC}.Release|Any CPU.Build.0 = Release|Any CPU
		{4FD72325-95B6-4DD0-91BC-07D202988FDC}.Release|ARM.ActiveCfg = Release|Any CPU
		{4FD72325-95B6-4DD0-91BC-07D202988FDC}.Release|x64.ActiveCfg = Release|Any CPU
		{4FD72325-95B6-4DD0-91BC-07D202988FDC}.Release|x86.ActiveCfg = Release|Any CPU
		{53D91948-773C-40D2-98CF-230F9FAA500C}.Debug|Any CPU.ActiveCfg = Debug|Any CPU
		{53D91948-773C-40D2-98CF-230F9FAA500C}.Debug|Any CPU.Build.0 = Debug|Any CPU
		{53D91948-773C-40D2-98CF-230F9FAA500C}.Debug|ARM.ActiveCfg = Debug|Any CPU
		{53D91948-773C-40D2-98CF-230F9FAA500C}.Debug|x64.ActiveCfg = Debug|Any CPU
		{53D91948-773C-40D2-98CF-230F9FAA500C}.Debug|x86.ActiveCfg = Debug|Any CPU
		{53D91948-773C-40D2-98CF-230F9FAA500C}.Release|Any CPU.ActiveCfg = Release|Any CPU
		{53D91948-773C-40D2-98CF-230F9FAA500C}.Release|Any CPU.Build.0 = Release|Any CPU
		{53D91948-773C-40D2-98CF-230F9FAA500C}.Release|ARM.ActiveCfg = Release|Any CPU
		{53D91948-773C-40D2-98CF-230F9FAA500C}.Release|x64.ActiveCfg = Release|Any CPU
		{53D91948-773C-40D2-98CF-230F9FAA500C}.Release|x86.ActiveCfg = Release|Any CPU
		{16976FEF-90CF-4DB0-BFA3-4AB5A43C06A7}.Debug|Any CPU.ActiveCfg = Debug|Any CPU
		{16976FEF-90CF-4DB0-BFA3-4AB5A43C06A7}.Debug|Any CPU.Build.0 = Debug|Any CPU
		{16976FEF-90CF-4DB0-BFA3-4AB5A43C06A7}.Debug|ARM.ActiveCfg = Debug|Any CPU
		{16976FEF-90CF-4DB0-BFA3-4AB5A43C06A7}.Debug|x64.ActiveCfg = Debug|Any CPU
		{16976FEF-90CF-4DB0-BFA3-4AB5A43C06A7}.Debug|x86.ActiveCfg = Debug|Any CPU
		{16976FEF-90CF-4DB0-BFA3-4AB5A43C06A7}.Release|Any CPU.ActiveCfg = Release|Any CPU
		{16976FEF-90CF-4DB0-BFA3-4AB5A43C06A7}.Release|Any CPU.Build.0 = Release|Any CPU
		{16976FEF-90CF-4DB0-BFA3-4AB5A43C06A7}.Release|ARM.ActiveCfg = Release|Any CPU
		{16976FEF-90CF-4DB0-BFA3-4AB5A43C06A7}.Release|x64.ActiveCfg = Release|Any CPU
		{16976FEF-90CF-4DB0-BFA3-4AB5A43C06A7}.Release|x86.ActiveCfg = Release|Any CPU
		{0DA1C047-8AEF-412E-B439-8B5FC2EAFB68}.Debug|Any CPU.ActiveCfg = Debug|Any CPU
		{0DA1C047-8AEF-412E-B439-8B5FC2EAFB68}.Debug|Any CPU.Build.0 = Debug|Any CPU
		{0DA1C047-8AEF-412E-B439-8B5FC2EAFB68}.Debug|ARM.ActiveCfg = Debug|Any CPU
		{0DA1C047-8AEF-412E-B439-8B5FC2EAFB68}.Debug|x64.ActiveCfg = Debug|Any CPU
		{0DA1C047-8AEF-412E-B439-8B5FC2EAFB68}.Debug|x86.ActiveCfg = Debug|Any CPU
		{0DA1C047-8AEF-412E-B439-8B5FC2EAFB68}.Release|Any CPU.ActiveCfg = Release|Any CPU
		{0DA1C047-8AEF-412E-B439-8B5FC2EAFB68}.Release|Any CPU.Build.0 = Release|Any CPU
		{0DA1C047-8AEF-412E-B439-8B5FC2EAFB68}.Release|ARM.ActiveCfg = Release|Any CPU
		{0DA1C047-8AEF-412E-B439-8B5FC2EAFB68}.Release|x64.ActiveCfg = Release|Any CPU
		{0DA1C047-8AEF-412E-B439-8B5FC2EAFB68}.Release|x86.ActiveCfg = Release|Any CPU
		{9AC50BCA-0594-4FC8-ACB0-C97F7A944198}.Debug|Any CPU.ActiveCfg = Debug|Any CPU
		{9AC50BCA-0594-4FC8-ACB0-C97F7A944198}.Debug|Any CPU.Build.0 = Debug|Any CPU
		{9AC50BCA-0594-4FC8-ACB0-C97F7A944198}.Debug|ARM.ActiveCfg = Debug|Any CPU
		{9AC50BCA-0594-4FC8-ACB0-C97F7A944198}.Debug|x64.ActiveCfg = Debug|Any CPU
		{9AC50BCA-0594-4FC8-ACB0-C97F7A944198}.Debug|x86.ActiveCfg = Debug|Any CPU
		{9AC50BCA-0594-4FC8-ACB0-C97F7A944198}.Release|Any CPU.ActiveCfg = Release|Any CPU
		{9AC50BCA-0594-4FC8-ACB0-C97F7A944198}.Release|Any CPU.Build.0 = Release|Any CPU
		{9AC50BCA-0594-4FC8-ACB0-C97F7A944198}.Release|ARM.ActiveCfg = Release|Any CPU
		{9AC50BCA-0594-4FC8-ACB0-C97F7A944198}.Release|x64.ActiveCfg = Release|Any CPU
		{9AC50BCA-0594-4FC8-ACB0-C97F7A944198}.Release|x86.ActiveCfg = Release|Any CPU
		{6FA06442-2CD7-4FC8-94B3-B0D719A87DCB}.Debug|Any CPU.ActiveCfg = Debug|Any CPU
		{6FA06442-2CD7-4FC8-94B3-B0D719A87DCB}.Debug|Any CPU.Build.0 = Debug|Any CPU
		{6FA06442-2CD7-4FC8-94B3-B0D719A87DCB}.Debug|ARM.ActiveCfg = Debug|Any CPU
		{6FA06442-2CD7-4FC8-94B3-B0D719A87DCB}.Debug|x64.ActiveCfg = Debug|Any CPU
		{6FA06442-2CD7-4FC8-94B3-B0D719A87DCB}.Debug|x86.ActiveCfg = Debug|Any CPU
		{6FA06442-2CD7-4FC8-94B3-B0D719A87DCB}.Release|Any CPU.ActiveCfg = Release|Any CPU
		{6FA06442-2CD7-4FC8-94B3-B0D719A87DCB}.Release|Any CPU.Build.0 = Release|Any CPU
		{6FA06442-2CD7-4FC8-94B3-B0D719A87DCB}.Release|ARM.ActiveCfg = Release|Any CPU
		{6FA06442-2CD7-4FC8-94B3-B0D719A87DCB}.Release|x64.ActiveCfg = Release|Any CPU
		{6FA06442-2CD7-4FC8-94B3-B0D719A87DCB}.Release|x86.ActiveCfg = Release|Any CPU
		{02FE60B2-1FE5-459C-B4BF-AB0AED55AE09}.Debug|Any CPU.ActiveCfg = Debug|Any CPU
		{02FE60B2-1FE5-459C-B4BF-AB0AED55AE09}.Debug|Any CPU.Build.0 = Debug|Any CPU
		{02FE60B2-1FE5-459C-B4BF-AB0AED55AE09}.Debug|ARM.ActiveCfg = Debug|Any CPU
		{02FE60B2-1FE5-459C-B4BF-AB0AED55AE09}.Debug|x64.ActiveCfg = Debug|Any CPU
		{02FE60B2-1FE5-459C-B4BF-AB0AED55AE09}.Debug|x86.ActiveCfg = Debug|Any CPU
		{02FE60B2-1FE5-459C-B4BF-AB0AED55AE09}.Release|Any CPU.ActiveCfg = Release|Any CPU
		{02FE60B2-1FE5-459C-B4BF-AB0AED55AE09}.Release|Any CPU.Build.0 = Release|Any CPU
		{02FE60B2-1FE5-459C-B4BF-AB0AED55AE09}.Release|ARM.ActiveCfg = Release|Any CPU
		{02FE60B2-1FE5-459C-B4BF-AB0AED55AE09}.Release|x64.ActiveCfg = Release|Any CPU
		{02FE60B2-1FE5-459C-B4BF-AB0AED55AE09}.Release|x86.ActiveCfg = Release|Any CPU
		{5A858399-1A96-4769-AEE7-BE4E0167DF05}.Debug|Any CPU.ActiveCfg = Debug|Any CPU
		{5A858399-1A96-4769-AEE7-BE4E0167DF05}.Debug|Any CPU.Build.0 = Debug|Any CPU
		{5A858399-1A96-4769-AEE7-BE4E0167DF05}.Debug|ARM.ActiveCfg = Debug|Any CPU
		{5A858399-1A96-4769-AEE7-BE4E0167DF05}.Debug|ARM.Build.0 = Debug|Any CPU
		{5A858399-1A96-4769-AEE7-BE4E0167DF05}.Debug|x64.ActiveCfg = Debug|Any CPU
		{5A858399-1A96-4769-AEE7-BE4E0167DF05}.Debug|x64.Build.0 = Debug|Any CPU
		{5A858399-1A96-4769-AEE7-BE4E0167DF05}.Debug|x86.ActiveCfg = Debug|Any CPU
		{5A858399-1A96-4769-AEE7-BE4E0167DF05}.Debug|x86.Build.0 = Debug|Any CPU
		{5A858399-1A96-4769-AEE7-BE4E0167DF05}.Release|Any CPU.ActiveCfg = Release|Any CPU
		{5A858399-1A96-4769-AEE7-BE4E0167DF05}.Release|Any CPU.Build.0 = Release|Any CPU
		{5A858399-1A96-4769-AEE7-BE4E0167DF05}.Release|ARM.ActiveCfg = Release|Any CPU
		{5A858399-1A96-4769-AEE7-BE4E0167DF05}.Release|ARM.Build.0 = Release|Any CPU
		{5A858399-1A96-4769-AEE7-BE4E0167DF05}.Release|x64.ActiveCfg = Release|Any CPU
		{5A858399-1A96-4769-AEE7-BE4E0167DF05}.Release|x64.Build.0 = Release|Any CPU
		{5A858399-1A96-4769-AEE7-BE4E0167DF05}.Release|x86.ActiveCfg = Release|Any CPU
		{5A858399-1A96-4769-AEE7-BE4E0167DF05}.Release|x86.Build.0 = Release|Any CPU
		{0A5B64FC-5776-49D4-8AE3-3F9BDC725E29}.Debug|Any CPU.ActiveCfg = Debug|Any CPU
		{0A5B64FC-5776-49D4-8AE3-3F9BDC725E29}.Debug|Any CPU.Build.0 = Debug|Any CPU
		{0A5B64FC-5776-49D4-8AE3-3F9BDC725E29}.Debug|ARM.ActiveCfg = Debug|Any CPU
		{0A5B64FC-5776-49D4-8AE3-3F9BDC725E29}.Debug|x64.ActiveCfg = Debug|Any CPU
		{0A5B64FC-5776-49D4-8AE3-3F9BDC725E29}.Debug|x86.ActiveCfg = Debug|Any CPU
		{0A5B64FC-5776-49D4-8AE3-3F9BDC725E29}.Release|Any CPU.ActiveCfg = Release|Any CPU
		{0A5B64FC-5776-49D4-8AE3-3F9BDC725E29}.Release|Any CPU.Build.0 = Release|Any CPU
		{0A5B64FC-5776-49D4-8AE3-3F9BDC725E29}.Release|ARM.ActiveCfg = Release|Any CPU
		{0A5B64FC-5776-49D4-8AE3-3F9BDC725E29}.Release|x64.ActiveCfg = Release|Any CPU
		{0A5B64FC-5776-49D4-8AE3-3F9BDC725E29}.Release|x86.ActiveCfg = Release|Any CPU
		{D61F7EFE-970B-4439-80DE-CFC6FA2D1824}.Debug|Any CPU.ActiveCfg = Debug|Any CPU
		{D61F7EFE-970B-4439-80DE-CFC6FA2D1824}.Debug|Any CPU.Build.0 = Debug|Any CPU
		{D61F7EFE-970B-4439-80DE-CFC6FA2D1824}.Debug|ARM.ActiveCfg = Debug|Any CPU
		{D61F7EFE-970B-4439-80DE-CFC6FA2D1824}.Debug|ARM.Build.0 = Debug|Any CPU
		{D61F7EFE-970B-4439-80DE-CFC6FA2D1824}.Debug|x64.ActiveCfg = Debug|Any CPU
		{D61F7EFE-970B-4439-80DE-CFC6FA2D1824}.Debug|x64.Build.0 = Debug|Any CPU
		{D61F7EFE-970B-4439-80DE-CFC6FA2D1824}.Debug|x86.ActiveCfg = Debug|Any CPU
		{D61F7EFE-970B-4439-80DE-CFC6FA2D1824}.Debug|x86.Build.0 = Debug|Any CPU
		{D61F7EFE-970B-4439-80DE-CFC6FA2D1824}.Release|Any CPU.ActiveCfg = Release|Any CPU
		{D61F7EFE-970B-4439-80DE-CFC6FA2D1824}.Release|Any CPU.Build.0 = Release|Any CPU
		{D61F7EFE-970B-4439-80DE-CFC6FA2D1824}.Release|ARM.ActiveCfg = Release|Any CPU
		{D61F7EFE-970B-4439-80DE-CFC6FA2D1824}.Release|ARM.Build.0 = Release|Any CPU
		{D61F7EFE-970B-4439-80DE-CFC6FA2D1824}.Release|x64.ActiveCfg = Release|Any CPU
		{D61F7EFE-970B-4439-80DE-CFC6FA2D1824}.Release|x64.Build.0 = Release|Any CPU
		{D61F7EFE-970B-4439-80DE-CFC6FA2D1824}.Release|x86.ActiveCfg = Release|Any CPU
		{D61F7EFE-970B-4439-80DE-CFC6FA2D1824}.Release|x86.Build.0 = Release|Any CPU
		{16080313-413A-44EE-A041-5D9E5FD36D66}.Debug|Any CPU.ActiveCfg = Debug|Any CPU
		{16080313-413A-44EE-A041-5D9E5FD36D66}.Debug|Any CPU.Build.0 = Debug|Any CPU
		{16080313-413A-44EE-A041-5D9E5FD36D66}.Debug|ARM.ActiveCfg = Debug|Any CPU
		{16080313-413A-44EE-A041-5D9E5FD36D66}.Debug|ARM.Build.0 = Debug|Any CPU
		{16080313-413A-44EE-A041-5D9E5FD36D66}.Debug|x64.ActiveCfg = Debug|Any CPU
		{16080313-413A-44EE-A041-5D9E5FD36D66}.Debug|x64.Build.0 = Debug|Any CPU
		{16080313-413A-44EE-A041-5D9E5FD36D66}.Debug|x86.ActiveCfg = Debug|Any CPU
		{16080313-413A-44EE-A041-5D9E5FD36D66}.Debug|x86.Build.0 = Debug|Any CPU
		{16080313-413A-44EE-A041-5D9E5FD36D66}.Release|Any CPU.ActiveCfg = Release|Any CPU
		{16080313-413A-44EE-A041-5D9E5FD36D66}.Release|Any CPU.Build.0 = Release|Any CPU
		{16080313-413A-44EE-A041-5D9E5FD36D66}.Release|ARM.ActiveCfg = Release|Any CPU
		{16080313-413A-44EE-A041-5D9E5FD36D66}.Release|ARM.Build.0 = Release|Any CPU
		{16080313-413A-44EE-A041-5D9E5FD36D66}.Release|x64.ActiveCfg = Release|Any CPU
		{16080313-413A-44EE-A041-5D9E5FD36D66}.Release|x64.Build.0 = Release|Any CPU
		{16080313-413A-44EE-A041-5D9E5FD36D66}.Release|x86.ActiveCfg = Release|Any CPU
		{16080313-413A-44EE-A041-5D9E5FD36D66}.Release|x86.Build.0 = Release|Any CPU
		{39A1BA20-6C0C-490D-A61B-909D3FFA7875}.Debug|Any CPU.ActiveCfg = Debug|Any CPU
		{39A1BA20-6C0C-490D-A61B-909D3FFA7875}.Debug|Any CPU.Build.0 = Debug|Any CPU
		{39A1BA20-6C0C-490D-A61B-909D3FFA7875}.Debug|ARM.ActiveCfg = Debug|Any CPU
		{39A1BA20-6C0C-490D-A61B-909D3FFA7875}.Debug|ARM.Build.0 = Debug|Any CPU
		{39A1BA20-6C0C-490D-A61B-909D3FFA7875}.Debug|x64.ActiveCfg = Debug|Any CPU
		{39A1BA20-6C0C-490D-A61B-909D3FFA7875}.Debug|x64.Build.0 = Debug|Any CPU
		{39A1BA20-6C0C-490D-A61B-909D3FFA7875}.Debug|x86.ActiveCfg = Debug|Any CPU
		{39A1BA20-6C0C-490D-A61B-909D3FFA7875}.Debug|x86.Build.0 = Debug|Any CPU
		{39A1BA20-6C0C-490D-A61B-909D3FFA7875}.Release|Any CPU.ActiveCfg = Release|Any CPU
		{39A1BA20-6C0C-490D-A61B-909D3FFA7875}.Release|Any CPU.Build.0 = Release|Any CPU
		{39A1BA20-6C0C-490D-A61B-909D3FFA7875}.Release|ARM.ActiveCfg = Release|Any CPU
		{39A1BA20-6C0C-490D-A61B-909D3FFA7875}.Release|ARM.Build.0 = Release|Any CPU
		{39A1BA20-6C0C-490D-A61B-909D3FFA7875}.Release|x64.ActiveCfg = Release|Any CPU
		{39A1BA20-6C0C-490D-A61B-909D3FFA7875}.Release|x64.Build.0 = Release|Any CPU
		{39A1BA20-6C0C-490D-A61B-909D3FFA7875}.Release|x86.ActiveCfg = Release|Any CPU
		{39A1BA20-6C0C-490D-A61B-909D3FFA7875}.Release|x86.Build.0 = Release|Any CPU
		{0142BD35-56CB-440B-8E8E-1A9ED1527C05}.Debug|Any CPU.ActiveCfg = Debug|Any CPU
		{0142BD35-56CB-440B-8E8E-1A9ED1527C05}.Debug|Any CPU.Build.0 = Debug|Any CPU
		{0142BD35-56CB-440B-8E8E-1A9ED1527C05}.Debug|ARM.ActiveCfg = Debug|Any CPU
		{0142BD35-56CB-440B-8E8E-1A9ED1527C05}.Debug|ARM.Build.0 = Debug|Any CPU
		{0142BD35-56CB-440B-8E8E-1A9ED1527C05}.Debug|x64.ActiveCfg = Debug|Any CPU
		{0142BD35-56CB-440B-8E8E-1A9ED1527C05}.Debug|x64.Build.0 = Debug|Any CPU
		{0142BD35-56CB-440B-8E8E-1A9ED1527C05}.Debug|x86.ActiveCfg = Debug|Any CPU
		{0142BD35-56CB-440B-8E8E-1A9ED1527C05}.Debug|x86.Build.0 = Debug|Any CPU
		{0142BD35-56CB-440B-8E8E-1A9ED1527C05}.Release|Any CPU.ActiveCfg = Release|Any CPU
		{0142BD35-56CB-440B-8E8E-1A9ED1527C05}.Release|Any CPU.Build.0 = Release|Any CPU
		{0142BD35-56CB-440B-8E8E-1A9ED1527C05}.Release|ARM.ActiveCfg = Release|Any CPU
		{0142BD35-56CB-440B-8E8E-1A9ED1527C05}.Release|ARM.Build.0 = Release|Any CPU
		{0142BD35-56CB-440B-8E8E-1A9ED1527C05}.Release|x64.ActiveCfg = Release|Any CPU
		{0142BD35-56CB-440B-8E8E-1A9ED1527C05}.Release|x64.Build.0 = Release|Any CPU
		{0142BD35-56CB-440B-8E8E-1A9ED1527C05}.Release|x86.ActiveCfg = Release|Any CPU
		{0142BD35-56CB-440B-8E8E-1A9ED1527C05}.Release|x86.Build.0 = Release|Any CPU
		{7DBF9A97-33CD-43DC-B8DA-277ACD0F725F}.Debug|Any CPU.ActiveCfg = Debug|Any CPU
		{7DBF9A97-33CD-43DC-B8DA-277ACD0F725F}.Debug|Any CPU.Build.0 = Debug|Any CPU
		{7DBF9A97-33CD-43DC-B8DA-277ACD0F725F}.Debug|ARM.ActiveCfg = Debug|Any CPU
		{7DBF9A97-33CD-43DC-B8DA-277ACD0F725F}.Debug|ARM.Build.0 = Debug|Any CPU
		{7DBF9A97-33CD-43DC-B8DA-277ACD0F725F}.Debug|x64.ActiveCfg = Debug|Any CPU
		{7DBF9A97-33CD-43DC-B8DA-277ACD0F725F}.Debug|x64.Build.0 = Debug|Any CPU
		{7DBF9A97-33CD-43DC-B8DA-277ACD0F725F}.Debug|x86.ActiveCfg = Debug|Any CPU
		{7DBF9A97-33CD-43DC-B8DA-277ACD0F725F}.Debug|x86.Build.0 = Debug|Any CPU
		{7DBF9A97-33CD-43DC-B8DA-277ACD0F725F}.Release|Any CPU.ActiveCfg = Release|Any CPU
		{7DBF9A97-33CD-43DC-B8DA-277ACD0F725F}.Release|Any CPU.Build.0 = Release|Any CPU
		{7DBF9A97-33CD-43DC-B8DA-277ACD0F725F}.Release|ARM.ActiveCfg = Release|Any CPU
		{7DBF9A97-33CD-43DC-B8DA-277ACD0F725F}.Release|ARM.Build.0 = Release|Any CPU
		{7DBF9A97-33CD-43DC-B8DA-277ACD0F725F}.Release|x64.ActiveCfg = Release|Any CPU
		{7DBF9A97-33CD-43DC-B8DA-277ACD0F725F}.Release|x64.Build.0 = Release|Any CPU
		{7DBF9A97-33CD-43DC-B8DA-277ACD0F725F}.Release|x86.ActiveCfg = Release|Any CPU
		{7DBF9A97-33CD-43DC-B8DA-277ACD0F725F}.Release|x86.Build.0 = Release|Any CPU
		{80177B08-58CD-458D-A25A-AB9567201A89}.Debug|Any CPU.ActiveCfg = Debug|Any CPU
		{80177B08-58CD-458D-A25A-AB9567201A89}.Debug|Any CPU.Build.0 = Debug|Any CPU
		{80177B08-58CD-458D-A25A-AB9567201A89}.Debug|ARM.ActiveCfg = Debug|Any CPU
		{80177B08-58CD-458D-A25A-AB9567201A89}.Debug|ARM.Build.0 = Debug|Any CPU
		{80177B08-58CD-458D-A25A-AB9567201A89}.Debug|x64.ActiveCfg = Debug|Any CPU
		{80177B08-58CD-458D-A25A-AB9567201A89}.Debug|x64.Build.0 = Debug|Any CPU
		{80177B08-58CD-458D-A25A-AB9567201A89}.Debug|x86.ActiveCfg = Debug|Any CPU
		{80177B08-58CD-458D-A25A-AB9567201A89}.Debug|x86.Build.0 = Debug|Any CPU
		{80177B08-58CD-458D-A25A-AB9567201A89}.Release|Any CPU.ActiveCfg = Release|Any CPU
		{80177B08-58CD-458D-A25A-AB9567201A89}.Release|Any CPU.Build.0 = Release|Any CPU
		{80177B08-58CD-458D-A25A-AB9567201A89}.Release|ARM.ActiveCfg = Release|Any CPU
		{80177B08-58CD-458D-A25A-AB9567201A89}.Release|ARM.Build.0 = Release|Any CPU
		{80177B08-58CD-458D-A25A-AB9567201A89}.Release|x64.ActiveCfg = Release|Any CPU
		{80177B08-58CD-458D-A25A-AB9567201A89}.Release|x64.Build.0 = Release|Any CPU
		{80177B08-58CD-458D-A25A-AB9567201A89}.Release|x86.ActiveCfg = Release|Any CPU
		{80177B08-58CD-458D-A25A-AB9567201A89}.Release|x86.Build.0 = Release|Any CPU
		{A11629F9-CCA9-4014-887F-7E70FC9ACDA7}.Debug|Any CPU.ActiveCfg = Debug|Any CPU
		{A11629F9-CCA9-4014-887F-7E70FC9ACDA7}.Debug|Any CPU.Build.0 = Debug|Any CPU
		{A11629F9-CCA9-4014-887F-7E70FC9ACDA7}.Debug|ARM.ActiveCfg = Debug|Any CPU
		{A11629F9-CCA9-4014-887F-7E70FC9ACDA7}.Debug|ARM.Build.0 = Debug|Any CPU
		{A11629F9-CCA9-4014-887F-7E70FC9ACDA7}.Debug|x64.ActiveCfg = Debug|Any CPU
		{A11629F9-CCA9-4014-887F-7E70FC9ACDA7}.Debug|x64.Build.0 = Debug|Any CPU
		{A11629F9-CCA9-4014-887F-7E70FC9ACDA7}.Debug|x86.ActiveCfg = Debug|Any CPU
		{A11629F9-CCA9-4014-887F-7E70FC9ACDA7}.Debug|x86.Build.0 = Debug|Any CPU
		{A11629F9-CCA9-4014-887F-7E70FC9ACDA7}.Release|Any CPU.ActiveCfg = Release|Any CPU
		{A11629F9-CCA9-4014-887F-7E70FC9ACDA7}.Release|Any CPU.Build.0 = Release|Any CPU
		{A11629F9-CCA9-4014-887F-7E70FC9ACDA7}.Release|ARM.ActiveCfg = Release|Any CPU
		{A11629F9-CCA9-4014-887F-7E70FC9ACDA7}.Release|ARM.Build.0 = Release|Any CPU
		{A11629F9-CCA9-4014-887F-7E70FC9ACDA7}.Release|x64.ActiveCfg = Release|Any CPU
		{A11629F9-CCA9-4014-887F-7E70FC9ACDA7}.Release|x64.Build.0 = Release|Any CPU
		{A11629F9-CCA9-4014-887F-7E70FC9ACDA7}.Release|x86.ActiveCfg = Release|Any CPU
		{A11629F9-CCA9-4014-887F-7E70FC9ACDA7}.Release|x86.Build.0 = Release|Any CPU
		{2DDA41C1-38D6-4769-958D-21B3599C2836}.Debug|Any CPU.ActiveCfg = Debug|Any CPU
		{2DDA41C1-38D6-4769-958D-21B3599C2836}.Debug|Any CPU.Build.0 = Debug|Any CPU
		{2DDA41C1-38D6-4769-958D-21B3599C2836}.Debug|ARM.ActiveCfg = Debug|Any CPU
		{2DDA41C1-38D6-4769-958D-21B3599C2836}.Debug|ARM.Build.0 = Debug|Any CPU
		{2DDA41C1-38D6-4769-958D-21B3599C2836}.Debug|x64.ActiveCfg = Debug|Any CPU
		{2DDA41C1-38D6-4769-958D-21B3599C2836}.Debug|x64.Build.0 = Debug|Any CPU
		{2DDA41C1-38D6-4769-958D-21B3599C2836}.Debug|x86.ActiveCfg = Debug|Any CPU
		{2DDA41C1-38D6-4769-958D-21B3599C2836}.Debug|x86.Build.0 = Debug|Any CPU
		{2DDA41C1-38D6-4769-958D-21B3599C2836}.Release|Any CPU.ActiveCfg = Release|Any CPU
		{2DDA41C1-38D6-4769-958D-21B3599C2836}.Release|Any CPU.Build.0 = Release|Any CPU
		{2DDA41C1-38D6-4769-958D-21B3599C2836}.Release|ARM.ActiveCfg = Release|Any CPU
		{2DDA41C1-38D6-4769-958D-21B3599C2836}.Release|ARM.Build.0 = Release|Any CPU
		{2DDA41C1-38D6-4769-958D-21B3599C2836}.Release|x64.ActiveCfg = Release|Any CPU
		{2DDA41C1-38D6-4769-958D-21B3599C2836}.Release|x64.Build.0 = Release|Any CPU
		{2DDA41C1-38D6-4769-958D-21B3599C2836}.Release|x86.ActiveCfg = Release|Any CPU
		{2DDA41C1-38D6-4769-958D-21B3599C2836}.Release|x86.Build.0 = Release|Any CPU
		{E29EAB02-390E-48AB-A820-F900925B80BA}.Debug|Any CPU.ActiveCfg = Debug|Any CPU
		{E29EAB02-390E-48AB-A820-F900925B80BA}.Debug|Any CPU.Build.0 = Debug|Any CPU
		{E29EAB02-390E-48AB-A820-F900925B80BA}.Debug|ARM.ActiveCfg = Debug|Any CPU
		{E29EAB02-390E-48AB-A820-F900925B80BA}.Debug|ARM.Build.0 = Debug|Any CPU
		{E29EAB02-390E-48AB-A820-F900925B80BA}.Debug|x64.ActiveCfg = Debug|Any CPU
		{E29EAB02-390E-48AB-A820-F900925B80BA}.Debug|x64.Build.0 = Debug|Any CPU
		{E29EAB02-390E-48AB-A820-F900925B80BA}.Debug|x86.ActiveCfg = Debug|Any CPU
		{E29EAB02-390E-48AB-A820-F900925B80BA}.Debug|x86.Build.0 = Debug|Any CPU
		{E29EAB02-390E-48AB-A820-F900925B80BA}.Release|Any CPU.ActiveCfg = Release|Any CPU
		{E29EAB02-390E-48AB-A820-F900925B80BA}.Release|Any CPU.Build.0 = Release|Any CPU
		{E29EAB02-390E-48AB-A820-F900925B80BA}.Release|ARM.ActiveCfg = Release|Any CPU
		{E29EAB02-390E-48AB-A820-F900925B80BA}.Release|ARM.Build.0 = Release|Any CPU
		{E29EAB02-390E-48AB-A820-F900925B80BA}.Release|x64.ActiveCfg = Release|Any CPU
		{E29EAB02-390E-48AB-A820-F900925B80BA}.Release|x64.Build.0 = Release|Any CPU
		{E29EAB02-390E-48AB-A820-F900925B80BA}.Release|x86.ActiveCfg = Release|Any CPU
		{E29EAB02-390E-48AB-A820-F900925B80BA}.Release|x86.Build.0 = Release|Any CPU
		{D3853023-1DA9-4E58-8544-620A5B062D6D}.Debug|Any CPU.ActiveCfg = Debug|Any CPU
		{D3853023-1DA9-4E58-8544-620A5B062D6D}.Debug|Any CPU.Build.0 = Debug|Any CPU
		{D3853023-1DA9-4E58-8544-620A5B062D6D}.Debug|ARM.ActiveCfg = Debug|Any CPU
		{D3853023-1DA9-4E58-8544-620A5B062D6D}.Debug|ARM.Build.0 = Debug|Any CPU
		{D3853023-1DA9-4E58-8544-620A5B062D6D}.Debug|x64.ActiveCfg = Debug|Any CPU
		{D3853023-1DA9-4E58-8544-620A5B062D6D}.Debug|x64.Build.0 = Debug|Any CPU
		{D3853023-1DA9-4E58-8544-620A5B062D6D}.Debug|x86.ActiveCfg = Debug|Any CPU
		{D3853023-1DA9-4E58-8544-620A5B062D6D}.Debug|x86.Build.0 = Debug|Any CPU
		{D3853023-1DA9-4E58-8544-620A5B062D6D}.Release|Any CPU.ActiveCfg = Release|Any CPU
		{D3853023-1DA9-4E58-8544-620A5B062D6D}.Release|Any CPU.Build.0 = Release|Any CPU
		{D3853023-1DA9-4E58-8544-620A5B062D6D}.Release|ARM.ActiveCfg = Release|Any CPU
		{D3853023-1DA9-4E58-8544-620A5B062D6D}.Release|ARM.Build.0 = Release|Any CPU
		{D3853023-1DA9-4E58-8544-620A5B062D6D}.Release|x64.ActiveCfg = Release|Any CPU
		{D3853023-1DA9-4E58-8544-620A5B062D6D}.Release|x64.Build.0 = Release|Any CPU
		{D3853023-1DA9-4E58-8544-620A5B062D6D}.Release|x86.ActiveCfg = Release|Any CPU
		{D3853023-1DA9-4E58-8544-620A5B062D6D}.Release|x86.Build.0 = Release|Any CPU
		{E4239591-26E3-4EC2-B4D0-42B89B1F118A}.Debug|Any CPU.ActiveCfg = Debug|Any CPU
		{E4239591-26E3-4EC2-B4D0-42B89B1F118A}.Debug|Any CPU.Build.0 = Debug|Any CPU
		{E4239591-26E3-4EC2-B4D0-42B89B1F118A}.Debug|ARM.ActiveCfg = Debug|Any CPU
		{E4239591-26E3-4EC2-B4D0-42B89B1F118A}.Debug|ARM.Build.0 = Debug|Any CPU
		{E4239591-26E3-4EC2-B4D0-42B89B1F118A}.Debug|x64.ActiveCfg = Debug|Any CPU
		{E4239591-26E3-4EC2-B4D0-42B89B1F118A}.Debug|x64.Build.0 = Debug|Any CPU
		{E4239591-26E3-4EC2-B4D0-42B89B1F118A}.Debug|x86.ActiveCfg = Debug|Any CPU
		{E4239591-26E3-4EC2-B4D0-42B89B1F118A}.Debug|x86.Build.0 = Debug|Any CPU
		{E4239591-26E3-4EC2-B4D0-42B89B1F118A}.Release|Any CPU.ActiveCfg = Release|Any CPU
		{E4239591-26E3-4EC2-B4D0-42B89B1F118A}.Release|Any CPU.Build.0 = Release|Any CPU
		{E4239591-26E3-4EC2-B4D0-42B89B1F118A}.Release|ARM.ActiveCfg = Release|Any CPU
		{E4239591-26E3-4EC2-B4D0-42B89B1F118A}.Release|ARM.Build.0 = Release|Any CPU
		{E4239591-26E3-4EC2-B4D0-42B89B1F118A}.Release|x64.ActiveCfg = Release|Any CPU
		{E4239591-26E3-4EC2-B4D0-42B89B1F118A}.Release|x64.Build.0 = Release|Any CPU
		{E4239591-26E3-4EC2-B4D0-42B89B1F118A}.Release|x86.ActiveCfg = Release|Any CPU
		{E4239591-26E3-4EC2-B4D0-42B89B1F118A}.Release|x86.Build.0 = Release|Any CPU
		{DBA89388-2117-414C-B3E9-1D566417B605}.Debug|Any CPU.ActiveCfg = Debug|Any CPU
		{DBA89388-2117-414C-B3E9-1D566417B605}.Debug|Any CPU.Build.0 = Debug|Any CPU
		{DBA89388-2117-414C-B3E9-1D566417B605}.Debug|ARM.ActiveCfg = Debug|Any CPU
		{DBA89388-2117-414C-B3E9-1D566417B605}.Debug|ARM.Build.0 = Debug|Any CPU
		{DBA89388-2117-414C-B3E9-1D566417B605}.Debug|x64.ActiveCfg = Debug|Any CPU
		{DBA89388-2117-414C-B3E9-1D566417B605}.Debug|x64.Build.0 = Debug|Any CPU
		{DBA89388-2117-414C-B3E9-1D566417B605}.Debug|x86.ActiveCfg = Debug|Any CPU
		{DBA89388-2117-414C-B3E9-1D566417B605}.Debug|x86.Build.0 = Debug|Any CPU
		{DBA89388-2117-414C-B3E9-1D566417B605}.Release|Any CPU.ActiveCfg = Release|Any CPU
		{DBA89388-2117-414C-B3E9-1D566417B605}.Release|Any CPU.Build.0 = Release|Any CPU
		{DBA89388-2117-414C-B3E9-1D566417B605}.Release|ARM.ActiveCfg = Release|Any CPU
		{DBA89388-2117-414C-B3E9-1D566417B605}.Release|ARM.Build.0 = Release|Any CPU
		{DBA89388-2117-414C-B3E9-1D566417B605}.Release|x64.ActiveCfg = Release|Any CPU
		{DBA89388-2117-414C-B3E9-1D566417B605}.Release|x64.Build.0 = Release|Any CPU
		{DBA89388-2117-414C-B3E9-1D566417B605}.Release|x86.ActiveCfg = Release|Any CPU
		{DBA89388-2117-414C-B3E9-1D566417B605}.Release|x86.Build.0 = Release|Any CPU
		{C751451E-8954-4453-AA90-DBF53FAB8DC6}.Debug|Any CPU.ActiveCfg = Debug|Any CPU
		{C751451E-8954-4453-AA90-DBF53FAB8DC6}.Debug|Any CPU.Build.0 = Debug|Any CPU
		{C751451E-8954-4453-AA90-DBF53FAB8DC6}.Debug|ARM.ActiveCfg = Debug|Any CPU
		{C751451E-8954-4453-AA90-DBF53FAB8DC6}.Debug|ARM.Build.0 = Debug|Any CPU
		{C751451E-8954-4453-AA90-DBF53FAB8DC6}.Debug|x64.ActiveCfg = Debug|Any CPU
		{C751451E-8954-4453-AA90-DBF53FAB8DC6}.Debug|x64.Build.0 = Debug|Any CPU
		{C751451E-8954-4453-AA90-DBF53FAB8DC6}.Debug|x86.ActiveCfg = Debug|Any CPU
		{C751451E-8954-4453-AA90-DBF53FAB8DC6}.Debug|x86.Build.0 = Debug|Any CPU
		{C751451E-8954-4453-AA90-DBF53FAB8DC6}.Release|Any CPU.ActiveCfg = Release|Any CPU
		{C751451E-8954-4453-AA90-DBF53FAB8DC6}.Release|Any CPU.Build.0 = Release|Any CPU
		{C751451E-8954-4453-AA90-DBF53FAB8DC6}.Release|ARM.ActiveCfg = Release|Any CPU
		{C751451E-8954-4453-AA90-DBF53FAB8DC6}.Release|ARM.Build.0 = Release|Any CPU
		{C751451E-8954-4453-AA90-DBF53FAB8DC6}.Release|x64.ActiveCfg = Release|Any CPU
		{C751451E-8954-4453-AA90-DBF53FAB8DC6}.Release|x64.Build.0 = Release|Any CPU
		{C751451E-8954-4453-AA90-DBF53FAB8DC6}.Release|x86.ActiveCfg = Release|Any CPU
		{C751451E-8954-4453-AA90-DBF53FAB8DC6}.Release|x86.Build.0 = Release|Any CPU
		{62B7F8B4-26C9-40C6-997B-4D27EBBC67E0}.Debug|Any CPU.ActiveCfg = Debug|Any CPU
		{62B7F8B4-26C9-40C6-997B-4D27EBBC67E0}.Debug|Any CPU.Build.0 = Debug|Any CPU
		{62B7F8B4-26C9-40C6-997B-4D27EBBC67E0}.Debug|ARM.ActiveCfg = Debug|Any CPU
		{62B7F8B4-26C9-40C6-997B-4D27EBBC67E0}.Debug|ARM.Build.0 = Debug|Any CPU
		{62B7F8B4-26C9-40C6-997B-4D27EBBC67E0}.Debug|x64.ActiveCfg = Debug|Any CPU
		{62B7F8B4-26C9-40C6-997B-4D27EBBC67E0}.Debug|x64.Build.0 = Debug|Any CPU
		{62B7F8B4-26C9-40C6-997B-4D27EBBC67E0}.Debug|x86.ActiveCfg = Debug|Any CPU
		{62B7F8B4-26C9-40C6-997B-4D27EBBC67E0}.Debug|x86.Build.0 = Debug|Any CPU
		{62B7F8B4-26C9-40C6-997B-4D27EBBC67E0}.Release|Any CPU.ActiveCfg = Release|Any CPU
		{62B7F8B4-26C9-40C6-997B-4D27EBBC67E0}.Release|Any CPU.Build.0 = Release|Any CPU
		{62B7F8B4-26C9-40C6-997B-4D27EBBC67E0}.Release|ARM.ActiveCfg = Release|Any CPU
		{62B7F8B4-26C9-40C6-997B-4D27EBBC67E0}.Release|ARM.Build.0 = Release|Any CPU
		{62B7F8B4-26C9-40C6-997B-4D27EBBC67E0}.Release|x64.ActiveCfg = Release|Any CPU
		{62B7F8B4-26C9-40C6-997B-4D27EBBC67E0}.Release|x64.Build.0 = Release|Any CPU
		{62B7F8B4-26C9-40C6-997B-4D27EBBC67E0}.Release|x86.ActiveCfg = Release|Any CPU
		{62B7F8B4-26C9-40C6-997B-4D27EBBC67E0}.Release|x86.Build.0 = Release|Any CPU
		{EAFBFB9A-E67C-4A91-BFFE-EDCF4929BA98}.Debug|Any CPU.ActiveCfg = Debug|Any CPU
		{EAFBFB9A-E67C-4A91-BFFE-EDCF4929BA98}.Debug|Any CPU.Build.0 = Debug|Any CPU
		{EAFBFB9A-E67C-4A91-BFFE-EDCF4929BA98}.Debug|ARM.ActiveCfg = Debug|Any CPU
		{EAFBFB9A-E67C-4A91-BFFE-EDCF4929BA98}.Debug|ARM.Build.0 = Debug|Any CPU
		{EAFBFB9A-E67C-4A91-BFFE-EDCF4929BA98}.Debug|x64.ActiveCfg = Debug|Any CPU
		{EAFBFB9A-E67C-4A91-BFFE-EDCF4929BA98}.Debug|x64.Build.0 = Debug|Any CPU
		{EAFBFB9A-E67C-4A91-BFFE-EDCF4929BA98}.Debug|x86.ActiveCfg = Debug|Any CPU
		{EAFBFB9A-E67C-4A91-BFFE-EDCF4929BA98}.Debug|x86.Build.0 = Debug|Any CPU
		{EAFBFB9A-E67C-4A91-BFFE-EDCF4929BA98}.Release|Any CPU.ActiveCfg = Release|Any CPU
		{EAFBFB9A-E67C-4A91-BFFE-EDCF4929BA98}.Release|Any CPU.Build.0 = Release|Any CPU
		{EAFBFB9A-E67C-4A91-BFFE-EDCF4929BA98}.Release|ARM.ActiveCfg = Release|Any CPU
		{EAFBFB9A-E67C-4A91-BFFE-EDCF4929BA98}.Release|ARM.Build.0 = Release|Any CPU
		{EAFBFB9A-E67C-4A91-BFFE-EDCF4929BA98}.Release|x64.ActiveCfg = Release|Any CPU
		{EAFBFB9A-E67C-4A91-BFFE-EDCF4929BA98}.Release|x64.Build.0 = Release|Any CPU
		{EAFBFB9A-E67C-4A91-BFFE-EDCF4929BA98}.Release|x86.ActiveCfg = Release|Any CPU
		{EAFBFB9A-E67C-4A91-BFFE-EDCF4929BA98}.Release|x86.Build.0 = Release|Any CPU
		{9913DA2C-3358-4AE7-A598-AE3BF217EA95}.Debug|Any CPU.ActiveCfg = Debug|Any CPU
		{9913DA2C-3358-4AE7-A598-AE3BF217EA95}.Debug|Any CPU.Build.0 = Debug|Any CPU
		{9913DA2C-3358-4AE7-A598-AE3BF217EA95}.Debug|ARM.ActiveCfg = Debug|Any CPU
		{9913DA2C-3358-4AE7-A598-AE3BF217EA95}.Debug|ARM.Build.0 = Debug|Any CPU
		{9913DA2C-3358-4AE7-A598-AE3BF217EA95}.Debug|x64.ActiveCfg = Debug|Any CPU
		{9913DA2C-3358-4AE7-A598-AE3BF217EA95}.Debug|x64.Build.0 = Debug|Any CPU
		{9913DA2C-3358-4AE7-A598-AE3BF217EA95}.Debug|x86.ActiveCfg = Debug|Any CPU
		{9913DA2C-3358-4AE7-A598-AE3BF217EA95}.Debug|x86.Build.0 = Debug|Any CPU
		{9913DA2C-3358-4AE7-A598-AE3BF217EA95}.Release|Any CPU.ActiveCfg = Release|Any CPU
		{9913DA2C-3358-4AE7-A598-AE3BF217EA95}.Release|Any CPU.Build.0 = Release|Any CPU
		{9913DA2C-3358-4AE7-A598-AE3BF217EA95}.Release|ARM.ActiveCfg = Release|Any CPU
		{9913DA2C-3358-4AE7-A598-AE3BF217EA95}.Release|ARM.Build.0 = Release|Any CPU
		{9913DA2C-3358-4AE7-A598-AE3BF217EA95}.Release|x64.ActiveCfg = Release|Any CPU
		{9913DA2C-3358-4AE7-A598-AE3BF217EA95}.Release|x64.Build.0 = Release|Any CPU
		{9913DA2C-3358-4AE7-A598-AE3BF217EA95}.Release|x86.ActiveCfg = Release|Any CPU
		{9913DA2C-3358-4AE7-A598-AE3BF217EA95}.Release|x86.Build.0 = Release|Any CPU
	EndGlobalSection
	GlobalSection(SolutionProperties) = preSolution
		HideSolutionNode = FALSE
	EndGlobalSection
	GlobalSection(NestedProjects) = preSolution
		{F725582D-450B-48A4-B2FC-ECDD3642A144} = {80C8A810-E766-4956-9AFE-F64AAB036E2B}
		{81C97CCC-EA40-43DE-9D5C-BB32816054B6} = {80C8A810-E766-4956-9AFE-F64AAB036E2B}
		{7048AEE1-8E26-4A50-99CC-BA7A5211FE48} = {80C8A810-E766-4956-9AFE-F64AAB036E2B}
		{C2AA9218-2106-4C61-8B3D-B5188517072E} = {80C8A810-E766-4956-9AFE-F64AAB036E2B}
		{4E021606-B727-4EFF-94DE-3A17F67F4F65} = {80C8A810-E766-4956-9AFE-F64AAB036E2B}
		{4FD72325-95B6-4DD0-91BC-07D202988FDC} = {DBB76300-66E9-42B2-8BDA-CA520C6B0A66}
		{53D91948-773C-40D2-98CF-230F9FAA500C} = {DBB76300-66E9-42B2-8BDA-CA520C6B0A66}
		{DBB76300-66E9-42B2-8BDA-CA520C6B0A66} = {80C8A810-E766-4956-9AFE-F64AAB036E2B}
		{16976FEF-90CF-4DB0-BFA3-4AB5A43C06A7} = {DBB76300-66E9-42B2-8BDA-CA520C6B0A66}
		{0DA1C047-8AEF-412E-B439-8B5FC2EAFB68} = {EA1259E7-2A31-472A-9D63-614049844E8A}
		{9AC50BCA-0594-4FC8-ACB0-C97F7A944198} = {6466EC5C-542B-474B-8978-8D51E1EC64E4}
		{6FA06442-2CD7-4FC8-94B3-B0D719A87DCB} = {6466EC5C-542B-474B-8978-8D51E1EC64E4}
		{02FE60B2-1FE5-459C-B4BF-AB0AED55AE09} = {6466EC5C-542B-474B-8978-8D51E1EC64E4}
		{5A858399-1A96-4769-AEE7-BE4E0167DF05} = {6466EC5C-542B-474B-8978-8D51E1EC64E4}
		{0A5B64FC-5776-49D4-8AE3-3F9BDC725E29} = {09B47786-A751-4B4F-A18C-C38001537790}
		{D61F7EFE-970B-4439-80DE-CFC6FA2D1824} = {CB6EF8B9-432A-4F9E-B827-FD850B3C8E3A}
		{16080313-413A-44EE-A041-5D9E5FD36D66} = {6466EC5C-542B-474B-8978-8D51E1EC64E4}
		{39A1BA20-6C0C-490D-A61B-909D3FFA7875} = {EA1259E7-2A31-472A-9D63-614049844E8A}
		{0142BD35-56CB-440B-8E8E-1A9ED1527C05} = {2969603C-886B-4820-B577-93C37C2EFD35}
		{80177B08-58CD-458D-A25A-AB9567201A89} = {6466EC5C-542B-474B-8978-8D51E1EC64E4}
		{A11629F9-CCA9-4014-887F-7E70FC9ACDA7} = {EA1259E7-2A31-472A-9D63-614049844E8A}
		{2DDA41C1-38D6-4769-958D-21B3599C2836} = {089C2390-5FB2-4186-AE9F-D1256DDB0D58}
		{E29EAB02-390E-48AB-A820-F900925B80BA} = {80C8A810-E766-4956-9AFE-F64AAB036E2B}
		{D3853023-1DA9-4E58-8544-620A5B062D6D} = {80C8A810-E766-4956-9AFE-F64AAB036E2B}
		{E4239591-26E3-4EC2-B4D0-42B89B1F118A} = {089C2390-5FB2-4186-AE9F-D1256DDB0D58}
		{DBA89388-2117-414C-B3E9-1D566417B605} = {E3DE1C8A-1FD9-4826-8116-D1AD0B15C426}
		{C751451E-8954-4453-AA90-DBF53FAB8DC6} = {F54E5220-FDF6-4ABC-A6D4-53C99BBFC63D}
		{62B7F8B4-26C9-40C6-997B-4D27EBBC67E0} = {F54E5220-FDF6-4ABC-A6D4-53C99BBFC63D}
		{9913DA2C-3358-4AE7-A598-AE3BF217EA95} = {089C2390-5FB2-4186-AE9F-D1256DDB0D58}
	EndGlobalSection
	GlobalSection(ExtensibilityGlobals) = postSolution
		SolutionGuid = {A0DFA066-A371-43EB-883A-AD153D86905C}
	EndGlobalSection
EndGlobal
